
Microsoft Visual Studio Solution File, Format Version 11.00
# Visual Studio 2010
Project("{F184B08F-C81C-45F6-A57F-5ABD9991F28F}") = "InvoicePrint", "InvoicePrint\InvoicePrint.vbproj", "{3AB58A68-0448-4C7E-8EDE-4B4D7714ACFB}"
EndProject
Global
	GlobalSection(SolutionConfigurationPlatforms) = preSolution
		Debug|x86 = Debug|x86
		Release|x86 = Release|x86
	EndGlobalSection
	GlobalSection(ProjectConfigurationPlatforms) = postSolution
		{3AB58A68-0448-4C7E-8EDE-4B4D7714ACFB}.Debug|x86.ActiveCfg = Release|x86
		{3AB58A68-0448-4C7E-8EDE-4B4D7714ACFB}.Debug|x86.Build.0 = Release|x86
		{3AB58A68-0448-4C7E-8EDE-4B4D7714ACFB}.Release|x86.ActiveCfg = Release|x86
		{3AB58A68-0448-4C7E-8EDE-4B4D7714ACFB}.Release|x86.Build.0 = Release|x86
	EndGlobalSection
	GlobalSection(SolutionProperties) = preSolution
		HideSolutionNode = FALSE
	EndGlobalSection
EndGlobal
